
Microsoft Visual Studio Solution File, Format Version 12.00
# Visual Studio Version 17
VisualStudioVersion = 17.7.34031.279
MinimumVisualStudioVersion = 10.0.40219.1
Project("{FAE04EC0-301F-11D3-BF4B-00C04F79EFBC}") = "Task_1_NoteContact", "Task_1_NoteContact\Task_1_NoteContact.csproj", "{1FAC8DF5-EEE4-4AE3-AEF3-3928B9A2C23B}"
EndProject
Global
	GlobalSection(SolutionConfigurationPlatforms) = preSolution
		Debug|Any CPU = Debug|Any CPU
		Release|Any CPU = Release|Any CPU
	EndGlobalSection
	GlobalSection(ProjectConfigurationPlatforms) = postSolution
		{1FAC8DF5-EEE4-4AE3-AEF3-3928B9A2C23B}.Debug|Any CPU.ActiveCfg = Debug|Any CPU
		{1FAC8DF5-EEE4-4AE3-AEF3-3928B9A2C23B}.Debug|Any CPU.Build.0 = Debug|Any CPU
		{1FAC8DF5-EEE4-4AE3-AEF3-3928B9A2C23B}.Release|Any CPU.ActiveCfg = Release|Any CPU
		{1FAC8DF5-EEE4-4AE3-AEF3-3928B9A2C23B}.Release|Any CPU.Build.0 = Release|Any CPU
	EndGlobalSection
	GlobalSection(SolutionProperties) = preSolution
		HideSolutionNode = FALSE
	EndGlobalSection
	GlobalSection(ExtensibilityGlobals) = postSolution
		SolutionGuid = {AC2007A5-F184-4F31-8F99-E82ED9E6258A}
	EndGlobalSection
EndGlobal
