
Microsoft Visual Studio Solution File, Format Version 12.00
# Visual Studio Version 17
VisualStudioVersion = 17.6.33829.357
MinimumVisualStudioVersion = 10.0.40219.1
Project("{FAE04EC0-301F-11D3-BF4B-00C04F79EFBC}") = "ClassWork", "ClassWork\ClassWork.csproj", "{B9E0841D-F67A-4958-86CB-DFC7CBE9533A}"
EndProject
Global
	GlobalSection(SolutionConfigurationPlatforms) = preSolution
		Debug|Any CPU = Debug|Any CPU
		Release|Any CPU = Release|Any CPU
	EndGlobalSection
	GlobalSection(ProjectConfigurationPlatforms) = postSolution
		{B9E0841D-F67A-4958-86CB-DFC7CBE9533A}.Debug|Any CPU.ActiveCfg = Debug|Any CPU
		{B9E0841D-F67A-4958-86CB-DFC7CBE9533A}.Debug|Any CPU.Build.0 = Debug|Any CPU
		{B9E0841D-F67A-4958-86CB-DFC7CBE9533A}.Release|Any CPU.ActiveCfg = Release|Any CPU
		{B9E0841D-F67A-4958-86CB-DFC7CBE9533A}.Release|Any CPU.Build.0 = Release|Any CPU
	EndGlobalSection
	GlobalSection(SolutionProperties) = preSolution
		HideSolutionNode = FALSE
	EndGlobalSection
	GlobalSection(ExtensibilityGlobals) = postSolution
		SolutionGuid = {BC0892E4-1772-4D64-88B1-9117E2C7AC89}
	EndGlobalSection
EndGlobal
