
Microsoft Visual Studio Solution File, Format Version 12.00
# Visual Studio Version 17
VisualStudioVersion = 17.6.33829.357
MinimumVisualStudioVersion = 10.0.40219.1
Project("{FAE04EC0-301F-11D3-BF4B-00C04F79EFBC}") = "Lesson_1_IntroClass_Calculator", "Lesson_1_IntroClass_Calculator.csproj", "{EEE09C9A-B7A6-4C2E-99E3-14015A042FED}"
EndProject
Global
	GlobalSection(SolutionConfigurationPlatforms) = preSolution
		Debug|Any CPU = Debug|Any CPU
		Release|Any CPU = Release|Any CPU
	EndGlobalSection
	GlobalSection(ProjectConfigurationPlatforms) = postSolution
		{EEE09C9A-B7A6-4C2E-99E3-14015A042FED}.Debug|Any CPU.ActiveCfg = Debug|Any CPU
		{EEE09C9A-B7A6-4C2E-99E3-14015A042FED}.Debug|Any CPU.Build.0 = Debug|Any CPU
		{EEE09C9A-B7A6-4C2E-99E3-14015A042FED}.Release|Any CPU.ActiveCfg = Release|Any CPU
		{EEE09C9A-B7A6-4C2E-99E3-14015A042FED}.Release|Any CPU.Build.0 = Release|Any CPU
	EndGlobalSection
	GlobalSection(SolutionProperties) = preSolution
		HideSolutionNode = FALSE
	EndGlobalSection
	GlobalSection(ExtensibilityGlobals) = postSolution
		SolutionGuid = {B22B6198-82BD-4ACB-93E1-797503F132AC}
	EndGlobalSection
EndGlobal
